
Microsoft Visual Studio Solution File, Format Version 12.00
# Visual Studio 15
VisualStudioVersion = 15.0.28010.2026
MinimumVisualStudioVersion = 10.0.40219.1
Project("{FAE04EC0-301F-11D3-BF4B-00C04F79EFBC}") = "BIDSDispWeb", "BIDSDispWeb\BIDSDispWeb.csproj", "{487483D7-75A1-4C3F-9BFC-15F9EF760E29}"
EndProject
Global
	GlobalSection(SolutionConfigurationPlatforms) = preSolution
		Debug|Any CPU = Debug|Any CPU
		Release|Any CPU = Release|Any CPU
	EndGlobalSection
	GlobalSection(ProjectConfigurationPlatforms) = postSolution
		{487483D7-75A1-4C3F-9BFC-15F9EF760E29}.Debug|Any CPU.ActiveCfg = Debug|Any CPU
		{487483D7-75A1-4C3F-9BFC-15F9EF760E29}.Debug|Any CPU.Build.0 = Debug|Any CPU
		{487483D7-75A1-4C3F-9BFC-15F9EF760E29}.Release|Any CPU.ActiveCfg = Release|Any CPU
		{487483D7-75A1-4C3F-9BFC-15F9EF760E29}.Release|Any CPU.Build.0 = Release|Any CPU
	EndGlobalSection
	GlobalSection(SolutionProperties) = preSolution
		HideSolutionNode = FALSE
	EndGlobalSection
	GlobalSection(ExtensibilityGlobals) = postSolution
		SolutionGuid = {444BCB39-21C2-4E67-8611-A7D5B9648ED3}
	EndGlobalSection
EndGlobal
